
Microsoft Visual Studio Solution File, Format Version 12.00
# Visual Studio Version 17
VisualStudioVersion = 17.2.32616.157
MinimumVisualStudioVersion = 10.0.40219.1
Project("{FAE04EC0-301F-11D3-BF4B-00C04F79EFBC}") = "EFaturaOlustur", "EFaturaOlusturma\EFaturaOlustur.csproj", "{8C354EC0-119D-4399-98E7-4EEFAB815F67}"
EndProject
Global
	GlobalSection(SolutionConfigurationPlatforms) = preSolution
		Debug|Any CPU = Debug|Any CPU
		Release|Any CPU = Release|Any CPU
	EndGlobalSection
	GlobalSection(ProjectConfigurationPlatforms) = postSolution
		{8C354EC0-119D-4399-98E7-4EEFAB815F67}.Debug|Any CPU.ActiveCfg = Debug|Any CPU
		{8C354EC0-119D-4399-98E7-4EEFAB815F67}.Debug|Any CPU.Build.0 = Debug|Any CPU
		{8C354EC0-119D-4399-98E7-4EEFAB815F67}.Release|Any CPU.ActiveCfg = Release|Any CPU
		{8C354EC0-119D-4399-98E7-4EEFAB815F67}.Release|Any CPU.Build.0 = Release|Any CPU
	EndGlobalSection
	GlobalSection(SolutionProperties) = preSolution
		HideSolutionNode = FALSE
	EndGlobalSection
	GlobalSection(ExtensibilityGlobals) = postSolution
		SolutionGuid = {D0BA72ED-8EE3-4823-8C85-77F35DCD4D2D}
	EndGlobalSection
EndGlobal
